
Microsoft Visual Studio Solution File, Format Version 12.00
# Visual Studio 14
VisualStudioVersion = 14.0.25123.0
MinimumVisualStudioVersion = 10.0.40219.1
Project("{FAE04EC0-301F-11D3-BF4B-00C04F79EFBC}") = "problem-solving", "problem-solving\problem-solving.csproj", "{D096DD7C-13C5-4AF5-B42F-10D6A09E842F}"
EndProject
Project("{FAE04EC0-301F-11D3-BF4B-00C04F79EFBC}") = "UnitTestProject1", "UnitTestProject1\UnitTestProject1.csproj", "{61A5ECD0-7306-49C9-83A6-B19ED68A46D5}"
EndProject
Global
	GlobalSection(SolutionConfigurationPlatforms) = preSolution
		Debug|Any CPU = Debug|Any CPU
		Debug|x64 = Debug|x64
		Debug|x86 = Debug|x86
		Release|Any CPU = Release|Any CPU
		Release|x64 = Release|x64
		Release|x86 = Release|x86
	EndGlobalSection
	GlobalSection(ProjectConfigurationPlatforms) = postSolution
		{D096DD7C-13C5-4AF5-B42F-10D6A09E842F}.Debug|Any CPU.ActiveCfg = Debug|Any CPU
		{D096DD7C-13C5-4AF5-B42F-10D6A09E842F}.Debug|Any CPU.Build.0 = Debug|Any CPU
		{D096DD7C-13C5-4AF5-B42F-10D6A09E842F}.Debug|x64.ActiveCfg = Debug|x64
		{D096DD7C-13C5-4AF5-B42F-10D6A09E842F}.Debug|x64.Build.0 = Debug|x64
		{D096DD7C-13C5-4AF5-B42F-10D6A09E842F}.Debug|x86.ActiveCfg = Debug|x86
		{D096DD7C-13C5-4AF5-B42F-10D6A09E842F}.Debug|x86.Build.0 = Debug|x86
		{D096DD7C-13C5-4AF5-B42F-10D6A09E842F}.Release|Any CPU.ActiveCfg = Release|Any CPU
		{D096DD7C-13C5-4AF5-B42F-10D6A09E842F}.Release|Any CPU.Build.0 = Release|Any CPU
		{D096DD7C-13C5-4AF5-B42F-10D6A09E842F}.Release|x64.ActiveCfg = Release|x64
		{D096DD7C-13C5-4AF5-B42F-10D6A09E842F}.Release|x64.Build.0 = Release|x64
		{D096DD7C-13C5-4AF5-B42F-10D6A09E842F}.Release|x86.ActiveCfg = Release|x86
		{D096DD7C-13C5-4AF5-B42F-10D6A09E842F}.Release|x86.Build.0 = Release|x86
		{61A5ECD0-7306-49C9-83A6-B19ED68A46D5}.Debug|Any CPU.ActiveCfg = Debug|Any CPU
		{61A5ECD0-7306-49C9-83A6-B19ED68A46D5}.Debug|Any CPU.Build.0 = Debug|Any CPU
		{61A5ECD0-7306-49C9-83A6-B19ED68A46D5}.Debug|x64.ActiveCfg = Debug|x64
		{61A5ECD0-7306-49C9-83A6-B19ED68A46D5}.Debug|x64.Build.0 = Debug|x64
		{61A5ECD0-7306-49C9-83A6-B19ED68A46D5}.Debug|x86.ActiveCfg = Debug|x86
		{61A5ECD0-7306-49C9-83A6-B19ED68A46D5}.Debug|x86.Build.0 = Debug|x86
		{61A5ECD0-7306-49C9-83A6-B19ED68A46D5}.Release|Any CPU.ActiveCfg = Release|Any CPU
		{61A5ECD0-7306-49C9-83A6-B19ED68A46D5}.Release|Any CPU.Build.0 = Release|Any CPU
		{61A5ECD0-7306-49C9-83A6-B19ED68A46D5}.Release|x64.ActiveCfg = Release|x64
		{61A5ECD0-7306-49C9-83A6-B19ED68A46D5}.Release|x64.Build.0 = Release|x64
		{61A5ECD0-7306-49C9-83A6-B19ED68A46D5}.Release|x86.ActiveCfg = Release|x86
		{61A5ECD0-7306-49C9-83A6-B19ED68A46D5}.Release|x86.Build.0 = Release|x86
	EndGlobalSection
	GlobalSection(SolutionProperties) = preSolution
		HideSolutionNode = FALSE
	EndGlobalSection
EndGlobal
